// !$*UTF8*$!
{
	archiveVersion = 1;
	classes = {
	};
	objectVersion = 46;
	objects = {

/* Begin PBXBuildFile section */
		000D13841BA87ECC00D41ABA /* main.m in Sources */ = {isa = PBXBuildFile; fileRef = 000D13831BA87ECC00D41ABA /* main.m */; };
		000D13871BA87ECC00D41ABA /* AppDelegate.m in Sources */ = {isa = PBXBuildFile; fileRef = 000D13861BA87ECC00D41ABA /* AppDelegate.m */; };
		000D138A1BA87ECC00D41ABA /* BurgerMenuViewController.m in Sources */ = {isa = PBXBuildFile; fileRef = 000D13891BA87ECC00D41ABA /* BurgerMenuViewController.m */; };
		000D138D1BA87ECC00D41ABA /* Main.storyboard in Resources */ = {isa = PBXBuildFile; fileRef = 000D138B1BA87ECC00D41ABA /* Main.storyboard */; };
		000D138F1BA87ECC00D41ABA /* Images.xcassets in Resources */ = {isa = PBXBuildFile; fileRef = 000D138E1BA87ECC00D41ABA /* Images.xcassets */; };
		000D13921BA87ECC00D41ABA /* LaunchScreen.xib in Resources */ = {isa = PBXBuildFile; fileRef = 000D13901BA87ECC00D41ABA /* LaunchScreen.xib */; };
		000D139E1BA87ECC00D41ABA /* StackOverflowClientTests.m in Sources */ = {isa = PBXBuildFile; fileRef = 000D139D1BA87ECC00D41ABA /* StackOverflowClientTests.m */; };
		000D13B31BA8807D00D41ABA /* SearchQuestionsViewController.m in Sources */ = {isa = PBXBuildFile; fileRef = 000D13B21BA8807D00D41ABA /* SearchQuestionsViewController.m */; };
		000D13B61BA880A500D41ABA /* CommentsViewController.m in Sources */ = {isa = PBXBuildFile; fileRef = 000D13B51BA880A500D41ABA /* CommentsViewController.m */; };
		000D13B91BA880C800D41ABA /* UserProfileViewController.m in Sources */ = {isa = PBXBuildFile; fileRef = 000D13B81BA880C800D41ABA /* UserProfileViewController.m */; settings = {COMPILER_FLAGS = "-fno-objc-arc"; }; };
		000D13C41BA9E8B600D41ABA /* WebViewController.m in Sources */ = {isa = PBXBuildFile; fileRef = 000D13C31BA9E8B600D41ABA /* WebViewController.m */; };
		00B2CE001BAB20A0001FBD11 /* StackOverflowService.m in Sources */ = {isa = PBXBuildFile; fileRef = 00B2CDFF1BAB20A0001FBD11 /* StackOverflowService.m */; settings = {ASSET_TAGS = (); }; };
		00B2CE051BAB2541001FBD11 /* Question.m in Sources */ = {isa = PBXBuildFile; fileRef = 00B2CE041BAB2541001FBD11 /* Question.m */; settings = {ASSET_TAGS = (); }; };
		00B2CE0D1BAB410D001FBD11 /* Keys.m in Sources */ = {isa = PBXBuildFile; fileRef = 00B2CE0C1BAB410D001FBD11 /* Keys.m */; settings = {ASSET_TAGS = (); }; };
		00B2CE101BABA6C0001FBD11 /* AlertPopover.m in Sources */ = {isa = PBXBuildFile; fileRef = 00B2CE0F1BABA6C0001FBD11 /* AlertPopover.m */; settings = {ASSET_TAGS = (); }; };
		00D2D1021BACAA5A00C27701 /* User.m in Sources */ = {isa = PBXBuildFile; fileRef = 00D2D1011BACAA5A00C27701 /* User.m */; settings = {ASSET_TAGS = (); }; };
		00D2D1051BADEA7F00C27701 /* Constants.m in Sources */ = {isa = PBXBuildFile; fileRef = 00D2D1041BADEA7F00C27701 /* Constants.m */; settings = {ASSET_TAGS = (); }; };
		00D2D10B1BAE55D700C27701 /* Comment.m in Sources */ = {isa = PBXBuildFile; fileRef = 00D2D10A1BAE55D700C27701 /* Comment.m */; settings = {ASSET_TAGS = (); }; };
		0E9D579AB1E4CFA860158C79 /* libPods-StackOverflowClient.a in Frameworks */ = {isa = PBXBuildFile; fileRef = 9F4E4D8FB93A3B99ED55461A /* libPods-StackOverflowClient.a */; };
/* End PBXBuildFile section */

/* Begin PBXContainerItemProxy section */
		000D13981BA87ECC00D41ABA /* PBXContainerItemProxy */ = {
			isa = PBXContainerItemProxy;
			containerPortal = 000D13761BA87ECC00D41ABA /* Project object */;
			proxyType = 1;
			remoteGlobalIDString = 000D137D1BA87ECC00D41ABA;
			remoteInfo = StackOverflowClient;
		};
/* End PBXContainerItemProxy section */

/* Begin PBXFileReference section */
		000D137E1BA87ECC00D41ABA /* StackOverflowClient.app */ = {isa = PBXFileReference; explicitFileType = wrapper.application; includeInIndex = 0; path = StackOverflowClient.app; sourceTree = BUILT_PRODUCTS_DIR; };
		000D13821BA87ECC00D41ABA /* Info.plist */ = {isa = PBXFileReference; lastKnownFileType = text.plist.xml; path = Info.plist; sourceTree = "<group>"; };
		000D13831BA87ECC00D41ABA /* main.m */ = {isa = PBXFileReference; lastKnownFileType = sourcecode.c.objc; path = main.m; sourceTree = "<group>"; };
		000D13851BA87ECC00D41ABA /* AppDelegate.h */ = {isa = PBXFileReference; lastKnownFileType = sourcecode.c.h; path = AppDelegate.h; sourceTree = "<group>"; };
		000D13861BA87ECC00D41ABA /* AppDelegate.m */ = {isa = PBXFileReference; lastKnownFileType = sourcecode.c.objc; path = AppDelegate.m; sourceTree = "<group>"; };
		000D13881BA87ECC00D41ABA /* BurgerMenuViewController.h */ = {isa = PBXFileReference; lastKnownFileType = sourcecode.c.h; path = BurgerMenuViewController.h; sourceTree = "<group>"; };
		000D13891BA87ECC00D41ABA /* BurgerMenuViewController.m */ = {isa = PBXFileReference; lastKnownFileType = sourcecode.c.objc; lineEnding = 0; path = BurgerMenuViewController.m; sourceTree = "<group>"; xcLanguageSpecificationIdentifier = xcode.lang.objc; };
		000D138C1BA87ECC00D41ABA /* Base */ = {isa = PBXFileReference; lastKnownFileType = file.storyboard; name = Base; path = Base.lproj/Main.storyboard; sourceTree = "<group>"; };
		000D138E1BA87ECC00D41ABA /* Images.xcassets */ = {isa = PBXFileReference; lastKnownFileType = folder.assetcatalog; path = Images.xcassets; sourceTree = "<group>"; };
		000D13911BA87ECC00D41ABA /* Base */ = {isa = PBXFileReference; lastKnownFileType = file.xib; name = Base; path = Base.lproj/LaunchScreen.xib; sourceTree = "<group>"; };
		000D13971BA87ECC00D41ABA /* StackOverflowClientTests.xctest */ = {isa = PBXFileReference; explicitFileType = wrapper.cfbundle; includeInIndex = 0; path = StackOverflowClientTests.xctest; sourceTree = BUILT_PRODUCTS_DIR; };
		000D139C1BA87ECC00D41ABA /* Info.plist */ = {isa = PBXFileReference; lastKnownFileType = text.plist.xml; path = Info.plist; sourceTree = "<group>"; };
		000D139D1BA87ECC00D41ABA /* StackOverflowClientTests.m */ = {isa = PBXFileReference; lastKnownFileType = sourcecode.c.objc; path = StackOverflowClientTests.m; sourceTree = "<group>"; };
		000D13B11BA8807D00D41ABA /* SearchQuestionsViewController.h */ = {isa = PBXFileReference; fileEncoding = 4; lastKnownFileType = sourcecode.c.h; path = SearchQuestionsViewController.h; sourceTree = "<group>"; };
		000D13B21BA8807D00D41ABA /* SearchQuestionsViewController.m */ = {isa = PBXFileReference; fileEncoding = 4; lastKnownFileType = sourcecode.c.objc; path = SearchQuestionsViewController.m; sourceTree = "<group>"; };
		000D13B41BA880A500D41ABA /* CommentsViewController.h */ = {isa = PBXFileReference; fileEncoding = 4; lastKnownFileType = sourcecode.c.h; lineEnding = 0; path = CommentsViewController.h; sourceTree = "<group>"; xcLanguageSpecificationIdentifier = xcode.lang.objcpp; };
		000D13B51BA880A500D41ABA /* CommentsViewController.m */ = {isa = PBXFileReference; fileEncoding = 4; lastKnownFileType = sourcecode.c.objc; lineEnding = 0; path = CommentsViewController.m; sourceTree = "<group>"; xcLanguageSpecificationIdentifier = xcode.lang.objc; };
		000D13B71BA880C800D41ABA /* UserProfileViewController.h */ = {isa = PBXFileReference; fileEncoding = 4; lastKnownFileType = sourcecode.c.h; path = UserProfileViewController.h; sourceTree = "<group>"; };
		000D13B81BA880C800D41ABA /* UserProfileViewController.m */ = {isa = PBXFileReference; fileEncoding = 4; lastKnownFileType = sourcecode.c.objc; path = UserProfileViewController.m; sourceTree = "<group>"; };
		000D13C21BA9E8B600D41ABA /* WebViewController.h */ = {isa = PBXFileReference; fileEncoding = 4; lastKnownFileType = sourcecode.c.h; path = WebViewController.h; sourceTree = "<group>"; };
		000D13C31BA9E8B600D41ABA /* WebViewController.m */ = {isa = PBXFileReference; fileEncoding = 4; lastKnownFileType = sourcecode.c.objc; path = WebViewController.m; sourceTree = "<group>"; };
		00B2CDFE1BAB20A0001FBD11 /* StackOverflowService.h */ = {isa = PBXFileReference; fileEncoding = 4; lastKnownFileType = sourcecode.c.h; path = StackOverflowService.h; sourceTree = "<group>"; };
		00B2CDFF1BAB20A0001FBD11 /* StackOverflowService.m */ = {isa = PBXFileReference; fileEncoding = 4; lastKnownFileType = sourcecode.c.objc; path = StackOverflowService.m; sourceTree = "<group>"; };
		00B2CE031BAB2541001FBD11 /* Question.h */ = {isa = PBXFileReference; fileEncoding = 4; lastKnownFileType = sourcecode.c.h; path = Question.h; sourceTree = "<group>"; };
		00B2CE041BAB2541001FBD11 /* Question.m */ = {isa = PBXFileReference; fileEncoding = 4; lastKnownFileType = sourcecode.c.objc; path = Question.m; sourceTree = "<group>"; };
		00B2CE0B1BAB410D001FBD11 /* Keys.h */ = {isa = PBXFileReference; fileEncoding = 4; lastKnownFileType = sourcecode.c.h; path = Keys.h; sourceTree = "<group>"; };
		00B2CE0C1BAB410D001FBD11 /* Keys.m */ = {isa = PBXFileReference; fileEncoding = 4; lastKnownFileType = sourcecode.c.objc; path = Keys.m; sourceTree = "<group>"; };
		00B2CE0E1BABA6C0001FBD11 /* AlertPopover.h */ = {isa = PBXFileReference; fileEncoding = 4; lastKnownFileType = sourcecode.c.h; path = AlertPopover.h; sourceTree = "<group>"; };
		00B2CE0F1BABA6C0001FBD11 /* AlertPopover.m */ = {isa = PBXFileReference; fileEncoding = 4; lastKnownFileType = sourcecode.c.objc; path = AlertPopover.m; sourceTree = "<group>"; };
		00D2D1001BACAA5A00C27701 /* User.h */ = {isa = PBXFileReference; fileEncoding = 4; lastKnownFileType = sourcecode.c.h; path = User.h; sourceTree = "<group>"; };
		00D2D1011BACAA5A00C27701 /* User.m */ = {isa = PBXFileReference; fileEncoding = 4; lastKnownFileType = sourcecode.c.objc; path = User.m; sourceTree = "<group>"; };
		00D2D1031BADEA7F00C27701 /* Constants.h */ = {isa = PBXFileReference; fileEncoding = 4; lastKnownFileType = sourcecode.c.h; path = Constants.h; sourceTree = "<group>"; };
		00D2D1041BADEA7F00C27701 /* Constants.m */ = {isa = PBXFileReference; fileEncoding = 4; lastKnownFileType = sourcecode.c.objc; path = Constants.m; sourceTree = "<group>"; };
		00D2D1091BAE55D700C27701 /* Comment.h */ = {isa = PBXFileReference; fileEncoding = 4; lastKnownFileType = sourcecode.c.h; path = Comment.h; sourceTree = "<group>"; };
		00D2D10A1BAE55D700C27701 /* Comment.m */ = {isa = PBXFileReference; fileEncoding = 4; lastKnownFileType = sourcecode.c.objc; path = Comment.m; sourceTree = "<group>"; };
		143B0DFE078243BC1EA6DA8D /* Pods-StackOverflowClient.release.xcconfig */ = {isa = PBXFileReference; includeInIndex = 1; lastKnownFileType = text.xcconfig; name = "Pods-StackOverflowClient.release.xcconfig"; path = "Pods/Target Support Files/Pods-StackOverflowClient/Pods-StackOverflowClient.release.xcconfig"; sourceTree = "<group>"; };
		9F4E4D8FB93A3B99ED55461A /* libPods-StackOverflowClient.a */ = {isa = PBXFileReference; explicitFileType = archive.ar; includeInIndex = 0; path = "libPods-StackOverflowClient.a"; sourceTree = BUILT_PRODUCTS_DIR; };
		D42E17AD2D7ED08DB756B462 /* Pods-StackOverflowClient.debug.xcconfig */ = {isa = PBXFileReference; includeInIndex = 1; lastKnownFileType = text.xcconfig; name = "Pods-StackOverflowClient.debug.xcconfig"; path = "Pods/Target Support Files/Pods-StackOverflowClient/Pods-StackOverflowClient.debug.xcconfig"; sourceTree = "<group>"; };
/* End PBXFileReference section */

/* Begin PBXFrameworksBuildPhase section */
		000D137B1BA87ECC00D41ABA /* Frameworks */ = {
			isa = PBXFrameworksBuildPhase;
			buildActionMask = 2147483647;
			files = (
				0E9D579AB1E4CFA860158C79 /* libPods-StackOverflowClient.a in Frameworks */,
			);
			runOnlyForDeploymentPostprocessing = 0;
		};
		000D13941BA87ECC00D41ABA /* Frameworks */ = {
			isa = PBXFrameworksBuildPhase;
			buildActionMask = 2147483647;
			files = (
			);
			runOnlyForDeploymentPostprocessing = 0;
		};
/* End PBXFrameworksBuildPhase section */

/* Begin PBXGroup section */
		000D13751BA87ECC00D41ABA = {
			isa = PBXGroup;
			children = (
				000D13801BA87ECC00D41ABA /* StackOverflowClient */,
				000D139A1BA87ECC00D41ABA /* StackOverflowClientTests */,
				000D137F1BA87ECC00D41ABA /* Products */,
				FF568C77F221BD3016B7666E /* Pods */,
				8A62F8A9DCB5D3EB2C2DD5C6 /* Frameworks */,
			);
			sourceTree = "<group>";
		};
		000D137F1BA87ECC00D41ABA /* Products */ = {
			isa = PBXGroup;
			children = (
				000D137E1BA87ECC00D41ABA /* StackOverflowClient.app */,
				000D13971BA87ECC00D41ABA /* StackOverflowClientTests.xctest */,
			);
			name = Products;
			sourceTree = "<group>";
		};
		000D13801BA87ECC00D41ABA /* StackOverflowClient */ = {
			isa = PBXGroup;
			children = (
				000D138B1BA87ECC00D41ABA /* Main.storyboard */,
				00B2CE061BAB254D001FBD11 /* Model */,
				000D13A71BA87FC700D41ABA /* Controller */,
				00B2CE011BAB20AF001FBD11 /* Other */,
				000D13811BA87ECC00D41ABA /* Supporting Files */,
			);
			path = StackOverflowClient;
			sourceTree = "<group>";
		};
		000D13811BA87ECC00D41ABA /* Supporting Files */ = {
			isa = PBXGroup;
			children = (
				000D13851BA87ECC00D41ABA /* AppDelegate.h */,
				000D13861BA87ECC00D41ABA /* AppDelegate.m */,
				000D138E1BA87ECC00D41ABA /* Images.xcassets */,
				000D13901BA87ECC00D41ABA /* LaunchScreen.xib */,
				000D13821BA87ECC00D41ABA /* Info.plist */,
				000D13831BA87ECC00D41ABA /* main.m */,
			);
			name = "Supporting Files";
			sourceTree = "<group>";
		};
		000D139A1BA87ECC00D41ABA /* StackOverflowClientTests */ = {
			isa = PBXGroup;
			children = (
				000D139D1BA87ECC00D41ABA /* StackOverflowClientTests.m */,
				000D139B1BA87ECC00D41ABA /* Supporting Files */,
			);
			path = StackOverflowClientTests;
			sourceTree = "<group>";
		};
		000D139B1BA87ECC00D41ABA /* Supporting Files */ = {
			isa = PBXGroup;
			children = (
				000D139C1BA87ECC00D41ABA /* Info.plist */,
			);
			name = "Supporting Files";
			sourceTree = "<group>";
		};
		000D13A71BA87FC700D41ABA /* Controller */ = {
			isa = PBXGroup;
			children = (
				000D13881BA87ECC00D41ABA /* BurgerMenuViewController.h */,
				000D13891BA87ECC00D41ABA /* BurgerMenuViewController.m */,
				000D13B11BA8807D00D41ABA /* SearchQuestionsViewController.h */,
				000D13B21BA8807D00D41ABA /* SearchQuestionsViewController.m */,
				000D13B41BA880A500D41ABA /* CommentsViewController.h */,
				000D13B51BA880A500D41ABA /* CommentsViewController.m */,
				000D13B71BA880C800D41ABA /* UserProfileViewController.h */,
				000D13B81BA880C800D41ABA /* UserProfileViewController.m */,
				000D13C21BA9E8B600D41ABA /* WebViewController.h */,
				000D13C31BA9E8B600D41ABA /* WebViewController.m */,
			);
			name = Controller;
			sourceTree = "<group>";
		};
		00B2CE011BAB20AF001FBD11 /* Other */ = {
			isa = PBXGroup;
			children = (
				00B2CE0E1BABA6C0001FBD11 /* AlertPopover.h */,
				00B2CE0F1BABA6C0001FBD11 /* AlertPopover.m */,
				00B2CDFE1BAB20A0001FBD11 /* StackOverflowService.h */,
				00B2CDFF1BAB20A0001FBD11 /* StackOverflowService.m */,
				00B2CE0B1BAB410D001FBD11 /* Keys.h */,
				00B2CE0C1BAB410D001FBD11 /* Keys.m */,
				00D2D1031BADEA7F00C27701 /* Constants.h */,
				00D2D1041BADEA7F00C27701 /* Constants.m */,
			);
			name = Other;
			sourceTree = "<group>";
		};
		00B2CE061BAB254D001FBD11 /* Model */ = {
			isa = PBXGroup;
			children = (
				00B2CE031BAB2541001FBD11 /* Question.h */,
				00B2CE041BAB2541001FBD11 /* Question.m */,
				00D2D1001BACAA5A00C27701 /* User.h */,
				00D2D1011BACAA5A00C27701 /* User.m */,
				00D2D1091BAE55D700C27701 /* Comment.h */,
				00D2D10A1BAE55D700C27701 /* Comment.m */,
			);
			name = Model;
			sourceTree = "<group>";
		};
		8A62F8A9DCB5D3EB2C2DD5C6 /* Frameworks */ = {
			isa = PBXGroup;
			children = (
				9F4E4D8FB93A3B99ED55461A /* libPods-StackOverflowClient.a */,
			);
			name = Frameworks;
			sourceTree = "<group>";
		};
		FF568C77F221BD3016B7666E /* Pods */ = {
			isa = PBXGroup;
			children = (
				D42E17AD2D7ED08DB756B462 /* Pods-StackOverflowClient.debug.xcconfig */,
				143B0DFE078243BC1EA6DA8D /* Pods-StackOverflowClient.release.xcconfig */,
			);
			name = Pods;
			sourceTree = "<group>";
		};
/* End PBXGroup section */

/* Begin PBXNativeTarget section */
		000D137D1BA87ECC00D41ABA /* StackOverflowClient */ = {
			isa = PBXNativeTarget;
			buildConfigurationList = 000D13A11BA87ECC00D41ABA /* Build configuration list for PBXNativeTarget "StackOverflowClient" */;
			buildPhases = (
				CE66DCC0A171E7BDD3D9EFA1 /* Check Pods Manifest.lock */,
				000D137A1BA87ECC00D41ABA /* Sources */,
				000D137B1BA87ECC00D41ABA /* Frameworks */,
				000D137C1BA87ECC00D41ABA /* Resources */,
				0D3C30845E91180798E7D987 /* Copy Pods Resources */,
			);
			buildRules = (
			);
			dependencies = (
			);
			name = StackOverflowClient;
			productName = StackOverflowClient;
			productReference = 000D137E1BA87ECC00D41ABA /* StackOverflowClient.app */;
			productType = "com.apple.product-type.application";
		};
		000D13961BA87ECC00D41ABA /* StackOverflowClientTests */ = {
			isa = PBXNativeTarget;
			buildConfigurationList = 000D13A41BA87ECC00D41ABA /* Build configuration list for PBXNativeTarget "StackOverflowClientTests" */;
			buildPhases = (
				000D13931BA87ECC00D41ABA /* Sources */,
				000D13941BA87ECC00D41ABA /* Frameworks */,
				000D13951BA87ECC00D41ABA /* Resources */,
			);
			buildRules = (
			);
			dependencies = (
				000D13991BA87ECC00D41ABA /* PBXTargetDependency */,
			);
			name = StackOverflowClientTests;
			productName = StackOverflowClientTests;
			productReference = 000D13971BA87ECC00D41ABA /* StackOverflowClientTests.xctest */;
			productType = "com.apple.product-type.bundle.unit-test";
		};
/* End PBXNativeTarget section */

/* Begin PBXProject section */
		000D13761BA87ECC00D41ABA /* Project object */ = {
			isa = PBXProject;
			attributes = {
				LastUpgradeCheck = 0700;
				ORGANIZATIONNAME = "mike davis";
				TargetAttributes = {
					000D137D1BA87ECC00D41ABA = {
						CreatedOnToolsVersion = 6.4;
					};
					000D13961BA87ECC00D41ABA = {
						CreatedOnToolsVersion = 6.4;
						TestTargetID = 000D137D1BA87ECC00D41ABA;
					};
				};
			};
			buildConfigurationList = 000D13791BA87ECC00D41ABA /* Build configuration list for PBXProject "StackOverflowClient" */;
			compatibilityVersion = "Xcode 3.2";
			developmentRegion = English;
			hasScannedForEncodings = 0;
			knownRegions = (
				en,
				Base,
			);
			mainGroup = 000D13751BA87ECC00D41ABA;
			productRefGroup = 000D137F1BA87ECC00D41ABA /* Products */;
			projectDirPath = "";
			projectRoot = "";
			targets = (
				000D137D1BA87ECC00D41ABA /* StackOverflowClient */,
				000D13961BA87ECC00D41ABA /* StackOverflowClientTests */,
			);
		};
/* End PBXProject section */

/* Begin PBXResourcesBuildPhase section */
		000D137C1BA87ECC00D41ABA /* Resources */ = {
			isa = PBXResourcesBuildPhase;
			buildActionMask = 2147483647;
			files = (
				000D138D1BA87ECC00D41ABA /* Main.storyboard in Resources */,
				000D13921BA87ECC00D41ABA /* LaunchScreen.xib in Resources */,
				000D138F1BA87ECC00D41ABA /* Images.xcassets in Resources */,
			);
			runOnlyForDeploymentPostprocessing = 0;
		};
		000D13951BA87ECC00D41ABA /* Resources */ = {
			isa = PBXResourcesBuildPhase;
			buildActionMask = 2147483647;
			files = (
			);
			runOnlyForDeploymentPostprocessing = 0;
		};
/* End PBXResourcesBuildPhase section */

/* Begin PBXShellScriptBuildPhase section */
		0D3C30845E91180798E7D987 /* Copy Pods Resources */ = {
			isa = PBXShellScriptBuildPhase;
			buildActionMask = 2147483647;
			files = (
			);
			inputPaths = (
			);
			name = "Copy Pods Resources";
			outputPaths = (
			);
			runOnlyForDeploymentPostprocessing = 0;
			shellPath = /bin/sh;
			shellScript = "\"${SRCROOT}/Pods/Target Support Files/Pods-StackOverflowClient/Pods-StackOverflowClient-resources.sh\"\n";
			showEnvVarsInLog = 0;
		};
		CE66DCC0A171E7BDD3D9EFA1 /* Check Pods Manifest.lock */ = {
			isa = PBXShellScriptBuildPhase;
			buildActionMask = 2147483647;
			files = (
			);
			inputPaths = (
			);
			name = "Check Pods Manifest.lock";
			outputPaths = (
			);
			runOnlyForDeploymentPostprocessing = 0;
			shellPath = /bin/sh;
			shellScript = "diff \"${PODS_ROOT}/../Podfile.lock\" \"${PODS_ROOT}/Manifest.lock\" > /dev/null\nif [[ $? != 0 ]] ; then\n    cat << EOM\nerror: The sandbox is not in sync with the Podfile.lock. Run 'pod install' or update your CocoaPods installation.\nEOM\n    exit 1\nfi\n";
			showEnvVarsInLog = 0;
		};
/* End PBXShellScriptBuildPhase section */

/* Begin PBXSourcesBuildPhase section */
		000D137A1BA87ECC00D41ABA /* Sources */ = {
			isa = PBXSourcesBuildPhase;
			buildActionMask = 2147483647;
			files = (
				000D138A1BA87ECC00D41ABA /* BurgerMenuViewController.m in Sources */,
				00B2CE101BABA6C0001FBD11 /* AlertPopover.m in Sources */,
				000D13C41BA9E8B600D41ABA /* WebViewController.m in Sources */,
				000D13B61BA880A500D41ABA /* CommentsViewController.m in Sources */,
				000D13871BA87ECC00D41ABA /* AppDelegate.m in Sources */,
				00B2CE001BAB20A0001FBD11 /* StackOverflowService.m in Sources */,
				00B2CE0D1BAB410D001FBD11 /* Keys.m in Sources */,
				00D2D10B1BAE55D700C27701 /* Comment.m in Sources */,
				00D2D1051BADEA7F00C27701 /* Constants.m in Sources */,
				000D13B91BA880C800D41ABA /* UserProfileViewController.m in Sources */,
				00D2D1021BACAA5A00C27701 /* User.m in Sources */,
				00B2CE051BAB2541001FBD11 /* Question.m in Sources */,
				000D13B31BA8807D00D41ABA /* SearchQuestionsViewController.m in Sources */,
				000D13841BA87ECC00D41ABA /* main.m in Sources */,
			);
			runOnlyForDeploymentPostprocessing = 0;
		};
		000D13931BA87ECC00D41ABA /* Sources */ = {
			isa = PBXSourcesBuildPhase;
			buildActionMask = 2147483647;
			files = (
				000D139E1BA87ECC00D41ABA /* StackOverflowClientTests.m in Sources */,
			);
			runOnlyForDeploymentPostprocessing = 0;
		};
/* End PBXSourcesBuildPhase section */

/* Begin PBXTargetDependency section */
		000D13991BA87ECC00D41ABA /* PBXTargetDependency */ = {
			isa = PBXTargetDependency;
			target = 000D137D1BA87ECC00D41ABA /* StackOverflowClient */;
			targetProxy = 000D13981BA87ECC00D41ABA /* PBXContainerItemProxy */;
		};
/* End PBXTargetDependency section */

/* Begin PBXVariantGroup section */
		000D138B1BA87ECC00D41ABA /* Main.storyboard */ = {
			isa = PBXVariantGroup;
			children = (
				000D138C1BA87ECC00D41ABA /* Base */,
			);
			name = Main.storyboard;
			sourceTree = "<group>";
		};
		000D13901BA87ECC00D41ABA /* LaunchScreen.xib */ = {
			isa = PBXVariantGroup;
			children = (
				000D13911BA87ECC00D41ABA /* Base */,
			);
			name = LaunchScreen.xib;
			sourceTree = "<group>";
		};
/* End PBXVariantGroup section */

/* Begin XCBuildConfiguration section */
		000D139F1BA87ECC00D41ABA /* Debug */ = {
			isa = XCBuildConfiguration;
			buildSettings = {
				ALWAYS_SEARCH_USER_PATHS = NO;
				CLANG_CXX_LANGUAGE_STANDARD = "gnu++0x";
				CLANG_CXX_LIBRARY = "libc++";
				CLANG_ENABLE_MODULES = YES;
				CLANG_ENABLE_OBJC_ARC = YES;
				CLANG_WARN_BOOL_CONVERSION = YES;
				CLANG_WARN_CONSTANT_CONVERSION = YES;
				CLANG_WARN_DIRECT_OBJC_ISA_USAGE = YES_ERROR;
				CLANG_WARN_EMPTY_BODY = YES;
				CLANG_WARN_ENUM_CONVERSION = YES;
				CLANG_WARN_INT_CONVERSION = YES;
				CLANG_WARN_OBJC_ROOT_CLASS = YES_ERROR;
				CLANG_WARN_UNREACHABLE_CODE = YES;
				CLANG_WARN__DUPLICATE_METHOD_MATCH = YES;
				"CODE_SIGN_IDENTITY[sdk=iphoneos*]" = "iPhone Developer";
				COPY_PHASE_STRIP = NO;
				DEBUG_INFORMATION_FORMAT = "dwarf-with-dsym";
				ENABLE_STRICT_OBJC_MSGSEND = YES;
				ENABLE_TESTABILITY = YES;
				GCC_C_LANGUAGE_STANDARD = gnu99;
				GCC_DYNAMIC_NO_PIC = NO;
				GCC_NO_COMMON_BLOCKS = YES;
				GCC_OPTIMIZATION_LEVEL = 0;
				GCC_PREPROCESSOR_DEFINITIONS = (
					"DEBUG=1",
					"$(inherited)",
				);
				GCC_SYMBOLS_PRIVATE_EXTERN = NO;
				GCC_WARN_64_TO_32_BIT_CONVERSION = YES;
				GCC_WARN_ABOUT_RETURN_TYPE = YES_ERROR;
				GCC_WARN_UNDECLARED_SELECTOR = YES;
				GCC_WARN_UNINITIALIZED_AUTOS = YES_AGGRESSIVE;
				GCC_WARN_UNUSED_FUNCTION = YES;
				GCC_WARN_UNUSED_VARIABLE = YES;
				IPHONEOS_DEPLOYMENT_TARGET = 9.0;
				MTL_ENABLE_DEBUG_INFO = YES;
				ONLY_ACTIVE_ARCH = YES;
				SDKROOT = iphoneos;
				TARGETED_DEVICE_FAMILY = "1,2";
			};
			name = Debug;
		};
		000D13A01BA87ECC00D41ABA /* Release */ = {
			isa = XCBuildConfiguration;
			buildSettings = {
				ALWAYS_SEARCH_USER_PATHS = NO;
				CLANG_CXX_LANGUAGE_STANDARD = "gnu++0x";
				CLANG_CXX_LIBRARY = "libc++";
				CLANG_ENABLE_MODULES = YES;
				CLANG_ENABLE_OBJC_ARC = YES;
				CLANG_WARN_BOOL_CONVERSION = YES;
				CLANG_WARN_CONSTANT_CONVERSION = YES;
				CLANG_WARN_DIRECT_OBJC_ISA_USAGE = YES_ERROR;
				CLANG_WARN_EMPTY_BODY = YES;
				CLANG_WARN_ENUM_CONVERSION = YES;
				CLANG_WARN_INT_CONVERSION = YES;
				CLANG_WARN_OBJC_ROOT_CLASS = YES_ERROR;
				CLANG_WARN_UNREACHABLE_CODE = YES;
				CLANG_WARN__DUPLICATE_METHOD_MATCH = YES;
				"CODE_SIGN_IDENTITY[sdk=iphoneos*]" = "iPhone Developer";
				COPY_PHASE_STRIP = NO;
				DEBUG_INFORMATION_FORMAT = "dwarf-with-dsym";
				ENABLE_NS_ASSERTIONS = NO;
				ENABLE_STRICT_OBJC_MSGSEND = YES;
				GCC_C_LANGUAGE_STANDARD = gnu99;
				GCC_NO_COMMON_BLOCKS = YES;
				GCC_WARN_64_TO_32_BIT_CONVERSION = YES;
				GCC_WARN_ABOUT_RETURN_TYPE = YES_ERROR;
				GCC_WARN_UNDECLARED_SELECTOR = YES;
				GCC_WARN_UNINITIALIZED_AUTOS = YES_AGGRESSIVE;
				GCC_WARN_UNUSED_FUNCTION = YES;
				GCC_WARN_UNUSED_VARIABLE = YES;
				IPHONEOS_DEPLOYMENT_TARGET = 9.0;
				MTL_ENABLE_DEBUG_INFO = NO;
				SDKROOT = iphoneos;
				TARGETED_DEVICE_FAMILY = "1,2";
				VALIDATE_PRODUCT = YES;
			};
			name = Release;
		};
		000D13A21BA87ECC00D41ABA /* Debug */ = {
			isa = XCBuildConfiguration;
			baseConfigurationReference = D42E17AD2D7ED08DB756B462 /* Pods-StackOverflowClient.debug.xcconfig */;
			buildSettings = {
				ASSETCATALOG_COMPILER_APPICON_NAME = AppIcon;
				INFOPLIST_FILE = StackOverflowClient/Info.plist;
				LD_RUNPATH_SEARCH_PATHS = "$(inherited) @executable_path/Frameworks";
				PRODUCT_BUNDLE_IDENTIFIER = "com.mdaviscph.$(PRODUCT_NAME:rfc1034identifier)";
				PRODUCT_NAME = "$(TARGET_NAME)";
			};
			name = Debug;
		};
		000D13A31BA87ECC00D41ABA /* Release */ = {
			isa = XCBuildConfiguration;
			baseConfigurationReference = 143B0DFE078243BC1EA6DA8D /* Pods-StackOverflowClient.release.xcconfig */;
			buildSettings = {
				ASSETCATALOG_COMPILER_APPICON_NAME = AppIcon;
				INFOPLIST_FILE = StackOverflowClient/Info.plist;
				LD_RUNPATH_SEARCH_PATHS = "$(inherited) @executable_path/Frameworks";
				PRODUCT_BUNDLE_IDENTIFIER = "com.mdaviscph.$(PRODUCT_NAME:rfc1034identifier)";
				PRODUCT_NAME = "$(TARGET_NAME)";
			};
			name = Release;
		};
		000D13A51BA87ECC00D41ABA /* Debug */ = {
			isa = XCBuildConfiguration;
			buildSettings = {
				BUNDLE_LOADER = "$(TEST_HOST)";
				FRAMEWORK_SEARCH_PATHS = (
					"$(SDKROOT)/Developer/Library/Frameworks",
					"$(inherited)",
				);
				GCC_PREPROCESSOR_DEFINITIONS = (
					"DEBUG=1",
					"$(inherited)",
				);
				INFOPLIST_FILE = StackOverflowClientTests/Info.plist;
				LD_RUNPATH_SEARCH_PATHS = "$(inherited) @executable_path/Frameworks @loader_path/Frameworks";
				PRODUCT_BUNDLE_IDENTIFIER = "com.mdaviscph.$(PRODUCT_NAME:rfc1034identifier)";
				PRODUCT_NAME = "$(TARGET_NAME)";
				TEST_HOST = "$(BUILT_PRODUCTS_DIR)/StackOverflowClient.app/StackOverflowClient";
			};
			name = Debug;
		};
		000D13A61BA87ECC00D41ABA /* Release */ = {
			isa = XCBuildConfiguration;
			buildSettings = {
				BUNDLE_LOADER = "$(TEST_HOST)";
				FRAMEWORK_SEARCH_PATHS = (
					"$(SDKROOT)/Developer/Library/Frameworks",
					"$(inherited)",
				);
				INFOPLIST_FILE = StackOverflowClientTests/Info.plist;
				LD_RUNPATH_SEARCH_PATHS = "$(inherited) @executable_path/Frameworks @loader_path/Frameworks";
				PRODUCT_BUNDLE_IDENTIFIER = "com.mdaviscph.$(PRODUCT_NAME:rfc1034identifier)";
				PRODUCT_NAME = "$(TARGET_NAME)";
				TEST_HOST = "$(BUILT_PRODUCTS_DIR)/StackOverflowClient.app/StackOverflowClient";
			};
			name = Release;
		};
/* End XCBuildConfiguration section */

/* Begin XCConfigurationList section */
		000D13791BA87ECC00D41ABA /* Build configuration list for PBXProject "StackOverflowClient" */ = {
			isa = XCConfigurationList;
			buildConfigurations = (
				000D139F1BA87ECC00D41ABA /* Debug */,
				000D13A01BA87ECC00D41ABA /* Release */,
			);
			defaultConfigurationIsVisible = 0;
			defaultConfigurationName = Release;
		};
		000D13A11BA87ECC00D41ABA /* Build configuration list for PBXNativeTarget "StackOverflowClient" */ = {
			isa = XCConfigurationList;
			buildConfigurations = (
				000D13A21BA87ECC00D41ABA /* Debug */,
				000D13A31BA87ECC00D41ABA /* Release */,
			);
			defaultConfigurationIsVisible = 0;
			defaultConfigurationName = Release;
		};
		000D13A41BA87ECC00D41ABA /* Build configuration list for PBXNativeTarget "StackOverflowClientTests" */ = {
			isa = XCConfigurationList;
			buildConfigurations = (
				000D13A51BA87ECC00D41ABA /* Debug */,
				000D13A61BA87ECC00D41ABA /* Release */,
			);
			defaultConfigurationIsVisible = 0;
			defaultConfigurationName = Release;
		};
/* End XCConfigurationList section */
	};
	rootObject = 000D13761BA87ECC00D41ABA /* Project object */;
}
